
Microsoft Visual Studio Solution File, Format Version 11.00
# Visual Studio 2010
Project("{8BC9CEB8-8B4A-11D0-8D11-00A0C91BC942}") = "vsc", "vsc\vsc.vcxproj", "{980178B7-AD00-415E-B4E2-4FFD0F79B6F6}"
EndProject
Project("{8BC9CEB8-8B4A-11D0-8D11-00A0C91BC942}") = "acm1002", "acm1002\acm1002.vcxproj", "{4FCA3F17-65B2-4496-896C-E201B21465BA}"
EndProject
Project("{8BC9CEB8-8B4A-11D0-8D11-00A0C91BC942}") = "acm1003", "acm1003\acm1003.vcxproj", "{DDC3059C-5EB0-43E7-8C0F-027D5F158135}"
EndProject
Global
	GlobalSection(SolutionConfigurationPlatforms) = preSolution
		Debug|Win32 = Debug|Win32
		Release|Win32 = Release|Win32
	EndGlobalSection
	GlobalSection(ProjectConfigurationPlatforms) = postSolution
		{980178B7-AD00-415E-B4E2-4FFD0F79B6F6}.Debug|Win32.ActiveCfg = Debug|Win32
		{980178B7-AD00-415E-B4E2-4FFD0F79B6F6}.Debug|Win32.Build.0 = Debug|Win32
		{980178B7-AD00-415E-B4E2-4FFD0F79B6F6}.Release|Win32.ActiveCfg = Release|Win32
		{980178B7-AD00-415E-B4E2-4FFD0F79B6F6}.Release|Win32.Build.0 = Release|Win32
		{4FCA3F17-65B2-4496-896C-E201B21465BA}.Debug|Win32.ActiveCfg = Debug|Win32
		{4FCA3F17-65B2-4496-896C-E201B21465BA}.Debug|Win32.Build.0 = Debug|Win32
		{4FCA3F17-65B2-4496-896C-E201B21465BA}.Release|Win32.ActiveCfg = Release|Win32
		{4FCA3F17-65B2-4496-896C-E201B21465BA}.Release|Win32.Build.0 = Release|Win32
		{DDC3059C-5EB0-43E7-8C0F-027D5F158135}.Debug|Win32.ActiveCfg = Debug|Win32
		{DDC3059C-5EB0-43E7-8C0F-027D5F158135}.Debug|Win32.Build.0 = Debug|Win32
		{DDC3059C-5EB0-43E7-8C0F-027D5F158135}.Release|Win32.ActiveCfg = Release|Win32
		{DDC3059C-5EB0-43E7-8C0F-027D5F158135}.Release|Win32.Build.0 = Release|Win32
	EndGlobalSection
	GlobalSection(SolutionProperties) = preSolution
		HideSolutionNode = FALSE
	EndGlobalSection
EndGlobal
