
Microsoft Visual Studio Solution File, Format Version 11.00
# Visual Studio 2010
Project("{8BC9CEB8-8B4A-11D0-8D11-00A0C91BC942}") = "vsc", "vsc\vsc.vcxproj", "{980178B7-AD00-415E-B4E2-4FFD0F79B6F6}"
EndProject
Project("{8BC9CEB8-8B4A-11D0-8D11-00A0C91BC942}") = "hdu1002", "hdu1002\hdu1002.vcxproj", "{5D81E096-D7D0-422E-9CB6-9B6FD04204B7}"
EndProject
Project("{8BC9CEB8-8B4A-11D0-8D11-00A0C91BC942}") = "hdu1003", "hdu1003\hdu1003.vcxproj", "{FC48FDFF-D897-4466-BE12-4AD7D7CF5A16}"
EndProject
Project("{8BC9CEB8-8B4A-11D0-8D11-00A0C91BC942}") = "nit1001", "nit1001\nit1001.vcxproj", "{37BB3B9A-4E51-4531-9D37-3B2632F0687B}"
EndProject
Project("{8BC9CEB8-8B4A-11D0-8D11-00A0C91BC942}") = "nit1007", "nit1007\nit1007.vcxproj", "{7B8495C7-59AA-44EE-9452-E4F130171398}"
EndProject
Project("{8BC9CEB8-8B4A-11D0-8D11-00A0C91BC942}") = "nit1008", "nit1008\nit1008.vcxproj", "{5E344009-7368-4860-806F-DC77955A3A90}"
EndProject
Project("{8BC9CEB8-8B4A-11D0-8D11-00A0C91BC942}") = "nit1002", "nit1002\nit1002.vcxproj", "{354C0971-095B-4FE5-98A7-F574A86B9990}"
EndProject
Project("{8BC9CEB8-8B4A-11D0-8D11-00A0C91BC942}") = "nit1010", "nit1010\nit1010.vcxproj", "{BF7D229D-C2CF-48A3-AF52-837C530C396D}"
EndProject
Global
	GlobalSection(SolutionConfigurationPlatforms) = preSolution
		Debug|Win32 = Debug|Win32
		Release|Win32 = Release|Win32
	EndGlobalSection
	GlobalSection(ProjectConfigurationPlatforms) = postSolution
		{980178B7-AD00-415E-B4E2-4FFD0F79B6F6}.Debug|Win32.ActiveCfg = Debug|Win32
		{980178B7-AD00-415E-B4E2-4FFD0F79B6F6}.Debug|Win32.Build.0 = Debug|Win32
		{980178B7-AD00-415E-B4E2-4FFD0F79B6F6}.Release|Win32.ActiveCfg = Release|Win32
		{980178B7-AD00-415E-B4E2-4FFD0F79B6F6}.Release|Win32.Build.0 = Release|Win32
		{5D81E096-D7D0-422E-9CB6-9B6FD04204B7}.Debug|Win32.ActiveCfg = Debug|Win32
		{5D81E096-D7D0-422E-9CB6-9B6FD04204B7}.Debug|Win32.Build.0 = Debug|Win32
		{5D81E096-D7D0-422E-9CB6-9B6FD04204B7}.Release|Win32.ActiveCfg = Release|Win32
		{5D81E096-D7D0-422E-9CB6-9B6FD04204B7}.Release|Win32.Build.0 = Release|Win32
		{FC48FDFF-D897-4466-BE12-4AD7D7CF5A16}.Debug|Win32.ActiveCfg = Debug|Win32
		{FC48FDFF-D897-4466-BE12-4AD7D7CF5A16}.Debug|Win32.Build.0 = Debug|Win32
		{FC48FDFF-D897-4466-BE12-4AD7D7CF5A16}.Release|Win32.ActiveCfg = Release|Win32
		{FC48FDFF-D897-4466-BE12-4AD7D7CF5A16}.Release|Win32.Build.0 = Release|Win32
		{37BB3B9A-4E51-4531-9D37-3B2632F0687B}.Debug|Win32.ActiveCfg = Debug|Win32
		{37BB3B9A-4E51-4531-9D37-3B2632F0687B}.Debug|Win32.Build.0 = Debug|Win32
		{37BB3B9A-4E51-4531-9D37-3B2632F0687B}.Release|Win32.ActiveCfg = Release|Win32
		{37BB3B9A-4E51-4531-9D37-3B2632F0687B}.Release|Win32.Build.0 = Release|Win32
		{7B8495C7-59AA-44EE-9452-E4F130171398}.Debug|Win32.ActiveCfg = Debug|Win32
		{7B8495C7-59AA-44EE-9452-E4F130171398}.Debug|Win32.Build.0 = Debug|Win32
		{7B8495C7-59AA-44EE-9452-E4F130171398}.Release|Win32.ActiveCfg = Release|Win32
		{7B8495C7-59AA-44EE-9452-E4F130171398}.Release|Win32.Build.0 = Release|Win32
		{5E344009-7368-4860-806F-DC77955A3A90}.Debug|Win32.ActiveCfg = Debug|Win32
		{5E344009-7368-4860-806F-DC77955A3A90}.Debug|Win32.Build.0 = Debug|Win32
		{5E344009-7368-4860-806F-DC77955A3A90}.Release|Win32.ActiveCfg = Release|Win32
		{5E344009-7368-4860-806F-DC77955A3A90}.Release|Win32.Build.0 = Release|Win32
		{354C0971-095B-4FE5-98A7-F574A86B9990}.Debug|Win32.ActiveCfg = Debug|Win32
		{354C0971-095B-4FE5-98A7-F574A86B9990}.Debug|Win32.Build.0 = Debug|Win32
		{354C0971-095B-4FE5-98A7-F574A86B9990}.Release|Win32.ActiveCfg = Release|Win32
		{354C0971-095B-4FE5-98A7-F574A86B9990}.Release|Win32.Build.0 = Release|Win32
		{BF7D229D-C2CF-48A3-AF52-837C530C396D}.Debug|Win32.ActiveCfg = Debug|Win32
		{BF7D229D-C2CF-48A3-AF52-837C530C396D}.Debug|Win32.Build.0 = Debug|Win32
		{BF7D229D-C2CF-48A3-AF52-837C530C396D}.Release|Win32.ActiveCfg = Release|Win32
		{BF7D229D-C2CF-48A3-AF52-837C530C396D}.Release|Win32.Build.0 = Release|Win32
	EndGlobalSection
	GlobalSection(SolutionProperties) = preSolution
		HideSolutionNode = FALSE
	EndGlobalSection
EndGlobal
